
Microsoft Visual Studio Solution File, Format Version 12.00
# Visual Studio Version 17
VisualStudioVersion = 17.0.32112.339
MinimumVisualStudioVersion = 10.0.40219.1
Project("{FAE04EC0-301F-11D3-BF4B-00C04F79EFBC}") = "UberTracker", "UberTracker.csproj", "{686753E6-CD9B-43FC-8641-478B0BD68B93}"
EndProject
Global
	GlobalSection(SolutionConfigurationPlatforms) = preSolution
		Debug|Any CPU = Debug|Any CPU
		Release|Any CPU = Release|Any CPU
	EndGlobalSection
	GlobalSection(ProjectConfigurationPlatforms) = postSolution
		{686753E6-CD9B-43FC-8641-478B0BD68B93}.Debug|Any CPU.ActiveCfg = Debug|Any CPU
		{686753E6-CD9B-43FC-8641-478B0BD68B93}.Debug|Any CPU.Build.0 = Debug|Any CPU
		{686753E6-CD9B-43FC-8641-478B0BD68B93}.Release|Any CPU.ActiveCfg = Release|Any CPU
		{686753E6-CD9B-43FC-8641-478B0BD68B93}.Release|Any CPU.Build.0 = Release|Any CPU
	EndGlobalSection
	GlobalSection(SolutionProperties) = preSolution
		HideSolutionNode = FALSE
	EndGlobalSection
	GlobalSection(ExtensibilityGlobals) = postSolution
		SolutionGuid = {84CD665F-6CDC-4C67-881A-071EF69489E9}
	EndGlobalSection
EndGlobal
